
Microsoft Visual Studio Solution File, Format Version 12.00
# Visual Studio 15
Project("{FAE04EC0-301F-11D3-BF4B-00C04F79EFBC}") = "UnityEngine.TestRunner", "UnityEngine.TestRunner.csproj", "{115E3CE3-14ED-49B8-667E-3FBCC9C2FB8D}"
EndProject
Project("{FAE04EC0-301F-11D3-BF4B-00C04F79EFBC}") = "UnityEngine.UI", "UnityEngine.UI.csproj", "{39D26E83-A78F-4668-59B8-D48CA1D33DA2}"
EndProject
Project("{FAE04EC0-301F-11D3-BF4B-00C04F79EFBC}") = "Unity.Timeline", "Unity.Timeline.csproj", "{F344DD3F-A762-9E80-DC47-282C156A8CED}"
EndProject
Project("{FAE04EC0-301F-11D3-BF4B-00C04F79EFBC}") = "Assembly-CSharp", "Assembly-CSharp.csproj", "{0880D0E0-CD32-37DC-620D-D0AC4B839C70}"
EndProject
Project("{FAE04EC0-301F-11D3-BF4B-00C04F79EFBC}") = "Cinemachine", "Cinemachine.csproj", "{A0AA3BC4-639D-A848-37A8-F40E8382B379}"
EndProject
Project("{FAE04EC0-301F-11D3-BF4B-00C04F79EFBC}") = "Unity.TextMeshPro", "Unity.TextMeshPro.csproj", "{3099CEB3-5B95-6FD6-B012-03EC59E33876}"
EndProject
Project("{FAE04EC0-301F-11D3-BF4B-00C04F79EFBC}") = "Unity.Timeline.Editor", "Unity.Timeline.Editor.csproj", "{FD2C3923-AE8E-E9AD-18C0-2990108403E3}"
EndProject
Project("{FAE04EC0-301F-11D3-BF4B-00C04F79EFBC}") = "UnityEditor.TestRunner", "UnityEditor.TestRunner.csproj", "{26A122B4-757A-06FE-E6E2-24D9EED0F9CC}"
EndProject
Project("{FAE04EC0-301F-11D3-BF4B-00C04F79EFBC}") = "UnityEditor.UI", "UnityEditor.UI.csproj", "{E8E5E885-14A2-FB75-1713-D111DAD8A548}"
EndProject
Project("{FAE04EC0-301F-11D3-BF4B-00C04F79EFBC}") = "Unity.VisualStudio.Editor", "Unity.VisualStudio.Editor.csproj", "{B9E12EE1-BCCD-A94C-28C6-86F3B541A1D1}"
EndProject
Project("{FAE04EC0-301F-11D3-BF4B-00C04F79EFBC}") = "com.unity.cinemachine.editor", "com.unity.cinemachine.editor.csproj", "{1E3326B7-D6BC-5A3F-4C02-A99E9CEF9595}"
EndProject
Project("{FAE04EC0-301F-11D3-BF4B-00C04F79EFBC}") = "Unity.TextMeshPro.Editor", "Unity.TextMeshPro.Editor.csproj", "{D9EDE573-AD26-3F97-F5FF-3D748A5D46D6}"
EndProject
Project("{FAE04EC0-301F-11D3-BF4B-00C04F79EFBC}") = "Unity.CollabProxy.Editor", "Unity.CollabProxy.Editor.csproj", "{92F48079-BCFF-167A-8234-FB9E62BEE118}"
EndProject
Project("{FAE04EC0-301F-11D3-BF4B-00C04F79EFBC}") = "Unity.VSCode.Editor", "Unity.VSCode.Editor.csproj", "{E04CC4CD-BBFC-8045-1824-6281BF7118CE}"
EndProject
Project("{FAE04EC0-301F-11D3-BF4B-00C04F79EFBC}") = "Unity.Rider.Editor", "Unity.Rider.Editor.csproj", "{4E8CA079-B003-B4C6-C76E-33159737F048}"
EndProject
Project("{FAE04EC0-301F-11D3-BF4B-00C04F79EFBC}") = "UnityEngine.TestRunner", "UnityEngine.TestRunner.Player.csproj", "{D2962D1C-DE0D-83A1-1A47-AAC67DB29E20}"
EndProject
Project("{FAE04EC0-301F-11D3-BF4B-00C04F79EFBC}") = "UnityEngine.UI", "UnityEngine.UI.Player.csproj", "{D08DDBD7-8711-ECF2-288D-2C976CFFAF74}"
EndProject
Project("{FAE04EC0-301F-11D3-BF4B-00C04F79EFBC}") = "Unity.Timeline", "Unity.Timeline.Player.csproj", "{07E555FB-8234-EDF4-BF16-BC72E4DD926A}"
EndProject
Project("{FAE04EC0-301F-11D3-BF4B-00C04F79EFBC}") = "Assembly-CSharp", "Assembly-CSharp.Player.csproj", "{5F40692E-82DA-C3AA-86A3-88B65005C400}"
EndProject
Project("{FAE04EC0-301F-11D3-BF4B-00C04F79EFBC}") = "Cinemachine", "Cinemachine.Player.csproj", "{A842ADA0-FB71-A41D-2B57-812E9D919872}"
EndProject
Project("{FAE04EC0-301F-11D3-BF4B-00C04F79EFBC}") = "Unity.TextMeshPro", "Unity.TextMeshPro.Player.csproj", "{630C1FD9-2920-C5F8-2188-8BF01250E9BF}"
EndProject
Global
	GlobalSection(SolutionConfigurationPlatforms) = preSolution
		Debug|Any CPU = Debug|Any CPU
		Release|Any CPU = Release|Any CPU
	EndGlobalSection
	GlobalSection(ProjectConfigurationPlatforms) = postSolution
		{115E3CE3-14ED-49B8-667E-3FBCC9C2FB8D}.Debug|Any CPU.ActiveCfg = Debug|Any CPU
		{115E3CE3-14ED-49B8-667E-3FBCC9C2FB8D}.Debug|Any CPU.Build.0 = Debug|Any CPU
		{115E3CE3-14ED-49B8-667E-3FBCC9C2FB8D}.Release|Any CPU.ActiveCfg = Release|Any CPU
		{115E3CE3-14ED-49B8-667E-3FBCC9C2FB8D}.Release|Any CPU.Build.0 = Release|Any CPU
		{39D26E83-A78F-4668-59B8-D48CA1D33DA2}.Debug|Any CPU.ActiveCfg = Debug|Any CPU
		{39D26E83-A78F-4668-59B8-D48CA1D33DA2}.Debug|Any CPU.Build.0 = Debug|Any CPU
		{39D26E83-A78F-4668-59B8-D48CA1D33DA2}.Release|Any CPU.ActiveCfg = Release|Any CPU
		{39D26E83-A78F-4668-59B8-D48CA1D33DA2}.Release|Any CPU.Build.0 = Release|Any CPU
		{F344DD3F-A762-9E80-DC47-282C156A8CED}.Debug|Any CPU.ActiveCfg = Debug|Any CPU
		{F344DD3F-A762-9E80-DC47-282C156A8CED}.Debug|Any CPU.Build.0 = Debug|Any CPU
		{F344DD3F-A762-9E80-DC47-282C156A8CED}.Release|Any CPU.ActiveCfg = Release|Any CPU
		{F344DD3F-A762-9E80-DC47-282C156A8CED}.Release|Any CPU.Build.0 = Release|Any CPU
		{0880D0E0-CD32-37DC-620D-D0AC4B839C70}.Debug|Any CPU.ActiveCfg = Debug|Any CPU
		{0880D0E0-CD32-37DC-620D-D0AC4B839C70}.Debug|Any CPU.Build.0 = Debug|Any CPU
		{0880D0E0-CD32-37DC-620D-D0AC4B839C70}.Release|Any CPU.ActiveCfg = Release|Any CPU
		{0880D0E0-CD32-37DC-620D-D0AC4B839C70}.Release|Any CPU.Build.0 = Release|Any CPU
		{A0AA3BC4-639D-A848-37A8-F40E8382B379}.Debug|Any CPU.ActiveCfg = Debug|Any CPU
		{A0AA3BC4-639D-A848-37A8-F40E8382B379}.Debug|Any CPU.Build.0 = Debug|Any CPU
		{A0AA3BC4-639D-A848-37A8-F40E8382B379}.Release|Any CPU.ActiveCfg = Release|Any CPU
		{A0AA3BC4-639D-A848-37A8-F40E8382B379}.Release|Any CPU.Build.0 = Release|Any CPU
		{3099CEB3-5B95-6FD6-B012-03EC59E33876}.Debug|Any CPU.ActiveCfg = Debug|Any CPU
		{3099CEB3-5B95-6FD6-B012-03EC59E33876}.Debug|Any CPU.Build.0 = Debug|Any CPU
		{3099CEB3-5B95-6FD6-B012-03EC59E33876}.Release|Any CPU.ActiveCfg = Release|Any CPU
		{3099CEB3-5B95-6FD6-B012-03EC59E33876}.Release|Any CPU.Build.0 = Release|Any CPU
		{FD2C3923-AE8E-E9AD-18C0-2990108403E3}.Debug|Any CPU.ActiveCfg = Debug|Any CPU
		{FD2C3923-AE8E-E9AD-18C0-2990108403E3}.Debug|Any CPU.Build.0 = Debug|Any CPU
		{FD2C3923-AE8E-E9AD-18C0-2990108403E3}.Release|Any CPU.ActiveCfg = Release|Any CPU
		{FD2C3923-AE8E-E9AD-18C0-2990108403E3}.Release|Any CPU.Build.0 = Release|Any CPU
		{26A122B4-757A-06FE-E6E2-24D9EED0F9CC}.Debug|Any CPU.ActiveCfg = Debug|Any CPU
		{26A122B4-757A-06FE-E6E2-24D9EED0F9CC}.Debug|Any CPU.Build.0 = Debug|Any CPU
		{26A122B4-757A-06FE-E6E2-24D9EED0F9CC}.Release|Any CPU.ActiveCfg = Release|Any CPU
		{26A122B4-757A-06FE-E6E2-24D9EED0F9CC}.Release|Any CPU.Build.0 = Release|Any CPU
		{E8E5E885-14A2-FB75-1713-D111DAD8A548}.Debug|Any CPU.ActiveCfg = Debug|Any CPU
		{E8E5E885-14A2-FB75-1713-D111DAD8A548}.Debug|Any CPU.Build.0 = Debug|Any CPU
		{E8E5E885-14A2-FB75-1713-D111DAD8A548}.Release|Any CPU.ActiveCfg = Release|Any CPU
		{E8E5E885-14A2-FB75-1713-D111DAD8A548}.Release|Any CPU.Build.0 = Release|Any CPU
		{B9E12EE1-BCCD-A94C-28C6-86F3B541A1D1}.Debug|Any CPU.ActiveCfg = Debug|Any CPU
		{B9E12EE1-BCCD-A94C-28C6-86F3B541A1D1}.Debug|Any CPU.Build.0 = Debug|Any CPU
		{B9E12EE1-BCCD-A94C-28C6-86F3B541A1D1}.Release|Any CPU.ActiveCfg = Release|Any CPU
		{B9E12EE1-BCCD-A94C-28C6-86F3B541A1D1}.Release|Any CPU.Build.0 = Release|Any CPU
		{1E3326B7-D6BC-5A3F-4C02-A99E9CEF9595}.Debug|Any CPU.ActiveCfg = Debug|Any CPU
		{1E3326B7-D6BC-5A3F-4C02-A99E9CEF9595}.Debug|Any CPU.Build.0 = Debug|Any CPU
		{1E3326B7-D6BC-5A3F-4C02-A99E9CEF9595}.Release|Any CPU.ActiveCfg = Release|Any CPU
		{1E3326B7-D6BC-5A3F-4C02-A99E9CEF9595}.Release|Any CPU.Build.0 = Release|Any CPU
		{D9EDE573-AD26-3F97-F5FF-3D748A5D46D6}.Debug|Any CPU.ActiveCfg = Debug|Any CPU
		{D9EDE573-AD26-3F97-F5FF-3D748A5D46D6}.Debug|Any CPU.Build.0 = Debug|Any CPU
		{D9EDE573-AD26-3F97-F5FF-3D748A5D46D6}.Release|Any CPU.ActiveCfg = Release|Any CPU
		{D9EDE573-AD26-3F97-F5FF-3D748A5D46D6}.Release|Any CPU.Build.0 = Release|Any CPU
		{92F48079-BCFF-167A-8234-FB9E62BEE118}.Debug|Any CPU.ActiveCfg = Debug|Any CPU
		{92F48079-BCFF-167A-8234-FB9E62BEE118}.Debug|Any CPU.Build.0 = Debug|Any CPU
		{92F48079-BCFF-167A-8234-FB9E62BEE118}.Release|Any CPU.ActiveCfg = Release|Any CPU
		{92F48079-BCFF-167A-8234-FB9E62BEE118}.Release|Any CPU.Build.0 = Release|Any CPU
		{E04CC4CD-BBFC-8045-1824-6281BF7118CE}.Debug|Any CPU.ActiveCfg = Debug|Any CPU
		{E04CC4CD-BBFC-8045-1824-6281BF7118CE}.Debug|Any CPU.Build.0 = Debug|Any CPU
		{E04CC4CD-BBFC-8045-1824-6281BF7118CE}.Release|Any CPU.ActiveCfg = Release|Any CPU
		{E04CC4CD-BBFC-8045-1824-6281BF7118CE}.Release|Any CPU.Build.0 = Release|Any CPU
		{4E8CA079-B003-B4C6-C76E-33159737F048}.Debug|Any CPU.ActiveCfg = Debug|Any CPU
		{4E8CA079-B003-B4C6-C76E-33159737F048}.Debug|Any CPU.Build.0 = Debug|Any CPU
		{4E8CA079-B003-B4C6-C76E-33159737F048}.Release|Any CPU.ActiveCfg = Release|Any CPU
		{4E8CA079-B003-B4C6-C76E-33159737F048}.Release|Any CPU.Build.0 = Release|Any CPU
		{D2962D1C-DE0D-83A1-1A47-AAC67DB29E20}.Debug|Any CPU.ActiveCfg = Debug|Any CPU
		{D2962D1C-DE0D-83A1-1A47-AAC67DB29E20}.Debug|Any CPU.Build.0 = Debug|Any CPU
		{D2962D1C-DE0D-83A1-1A47-AAC67DB29E20}.Release|Any CPU.ActiveCfg = Release|Any CPU
		{D2962D1C-DE0D-83A1-1A47-AAC67DB29E20}.Release|Any CPU.Build.0 = Release|Any CPU
		{D08DDBD7-8711-ECF2-288D-2C976CFFAF74}.Debug|Any CPU.ActiveCfg = Debug|Any CPU
		{D08DDBD7-8711-ECF2-288D-2C976CFFAF74}.Debug|Any CPU.Build.0 = Debug|Any CPU
		{D08DDBD7-8711-ECF2-288D-2C976CFFAF74}.Release|Any CPU.ActiveCfg = Release|Any CPU
		{D08DDBD7-8711-ECF2-288D-2C976CFFAF74}.Release|Any CPU.Build.0 = Release|Any CPU
		{07E555FB-8234-EDF4-BF16-BC72E4DD926A}.Debug|Any CPU.ActiveCfg = Debug|Any CPU
		{07E555FB-8234-EDF4-BF16-BC72E4DD926A}.Debug|Any CPU.Build.0 = Debug|Any CPU
		{07E555FB-8234-EDF4-BF16-BC72E4DD926A}.Release|Any CPU.ActiveCfg = Release|Any CPU
		{07E555FB-8234-EDF4-BF16-BC72E4DD926A}.Release|Any CPU.Build.0 = Release|Any CPU
		{5F40692E-82DA-C3AA-86A3-88B65005C400}.Debug|Any CPU.ActiveCfg = Debug|Any CPU
		{5F40692E-82DA-C3AA-86A3-88B65005C400}.Debug|Any CPU.Build.0 = Debug|Any CPU
		{5F40692E-82DA-C3AA-86A3-88B65005C400}.Release|Any CPU.ActiveCfg = Release|Any CPU
		{5F40692E-82DA-C3AA-86A3-88B65005C400}.Release|Any CPU.Build.0 = Release|Any CPU
		{A842ADA0-FB71-A41D-2B57-812E9D919872}.Debug|Any CPU.ActiveCfg = Debug|Any CPU
		{A842ADA0-FB71-A41D-2B57-812E9D919872}.Debug|Any CPU.Build.0 = Debug|Any CPU
		{A842ADA0-FB71-A41D-2B57-812E9D919872}.Release|Any CPU.ActiveCfg = Release|Any CPU
		{A842ADA0-FB71-A41D-2B57-812E9D919872}.Release|Any CPU.Build.0 = Release|Any CPU
		{630C1FD9-2920-C5F8-2188-8BF01250E9BF}.Debug|Any CPU.ActiveCfg = Debug|Any CPU
		{630C1FD9-2920-C5F8-2188-8BF01250E9BF}.Debug|Any CPU.Build.0 = Debug|Any CPU
		{630C1FD9-2920-C5F8-2188-8BF01250E9BF}.Release|Any CPU.ActiveCfg = Release|Any CPU
		{630C1FD9-2920-C5F8-2188-8BF01250E9BF}.Release|Any CPU.Build.0 = Release|Any CPU
	EndGlobalSection
	GlobalSection(SolutionProperties) = preSolution
		HideSolutionNode = FALSE
	EndGlobalSection
EndGlobal
