
Microsoft Visual Studio Solution File, Format Version 12.00
# Visual Studio 15
Project("{FAE04EC0-301F-11D3-BF4B-00C04F79EFBC}") = "UnityEngine.TestRunner", "UnityEngine.TestRunner.csproj", "{DF6F0FE8-E565-D378-F6A6-3BA87EA41D58}"
EndProject
Project("{FAE04EC0-301F-11D3-BF4B-00C04F79EFBC}") = "UnityEngine.UI", "UnityEngine.UI.csproj", "{CC0F05F8-41CD-FE17-6AB9-DDC2E3C4DCE3}"
EndProject
Project("{FAE04EC0-301F-11D3-BF4B-00C04F79EFBC}") = "Unity.Timeline", "Unity.Timeline.csproj", "{95F92F0F-8190-BBFB-B20C-FCB2DC9846EB}"
EndProject
Project("{FAE04EC0-301F-11D3-BF4B-00C04F79EFBC}") = "Assembly-CSharp", "Assembly-CSharp.csproj", "{9712D3C0-F15B-4D33-7378-66386C942508}"
EndProject
Project("{FAE04EC0-301F-11D3-BF4B-00C04F79EFBC}") = "Cinemachine", "Cinemachine.csproj", "{1A4A0080-7DAF-5891-EF3F-447223C52862}"
EndProject
Project("{FAE04EC0-301F-11D3-BF4B-00C04F79EFBC}") = "Unity.TextMeshPro", "Unity.TextMeshPro.csproj", "{2EBEF1DF-63CC-4ED1-174E-4B05B600D89B}"
EndProject
Project("{FAE04EC0-301F-11D3-BF4B-00C04F79EFBC}") = "Unity.Timeline.Editor", "Unity.Timeline.Editor.csproj", "{F642EE3B-206E-4EF9-F2F3-F9CE68AC50C7}"
EndProject
Project("{FAE04EC0-301F-11D3-BF4B-00C04F79EFBC}") = "UnityEditor.TestRunner", "UnityEditor.TestRunner.csproj", "{377BA0C1-90EE-6804-F4D9-73668DF55272}"
EndProject
Project("{FAE04EC0-301F-11D3-BF4B-00C04F79EFBC}") = "UnityEditor.UI", "UnityEditor.UI.csproj", "{2A019893-15E4-2F2E-7D2D-8F7890B7613D}"
EndProject
Project("{FAE04EC0-301F-11D3-BF4B-00C04F79EFBC}") = "Unity.VisualStudio.Editor", "Unity.VisualStudio.Editor.csproj", "{3DA4CE33-0E0D-62A7-72F9-9B392131D325}"
EndProject
Project("{FAE04EC0-301F-11D3-BF4B-00C04F79EFBC}") = "com.unity.cinemachine.editor", "com.unity.cinemachine.editor.csproj", "{886280B7-AFA6-2CDB-2FD2-DB681D28B2DA}"
EndProject
Project("{FAE04EC0-301F-11D3-BF4B-00C04F79EFBC}") = "Unity.TextMeshPro.Editor", "Unity.TextMeshPro.Editor.csproj", "{BB7FA9ED-A24E-2052-764F-D0A2E2FB1C94}"
EndProject
Project("{FAE04EC0-301F-11D3-BF4B-00C04F79EFBC}") = "Unity.CollabProxy.Editor", "Unity.CollabProxy.Editor.csproj", "{5FB9CF38-4F69-D156-DBF1-750AF707E886}"
EndProject
Project("{FAE04EC0-301F-11D3-BF4B-00C04F79EFBC}") = "Unity.VSCode.Editor", "Unity.VSCode.Editor.csproj", "{AF15AF65-F4DB-59F8-86E4-CB754D9CCED3}"
EndProject
Project("{FAE04EC0-301F-11D3-BF4B-00C04F79EFBC}") = "Unity.Rider.Editor", "Unity.Rider.Editor.csproj", "{3B3C9B18-8303-FA4A-7D21-94880B72A2DF}"
EndProject
Project("{FAE04EC0-301F-11D3-BF4B-00C04F79EFBC}") = "UnityEngine.TestRunner", "UnityEngine.TestRunner.Player.csproj", "{98546CC3-C1E7-67C6-DE24-009D86328A39}"
EndProject
Project("{FAE04EC0-301F-11D3-BF4B-00C04F79EFBC}") = "UnityEngine.UI", "UnityEngine.UI.Player.csproj", "{4B75279E-E601-FBA1-A110-10CEE091EE6E}"
EndProject
Project("{FAE04EC0-301F-11D3-BF4B-00C04F79EFBC}") = "Unity.Timeline", "Unity.Timeline.Player.csproj", "{04703017-017B-AFDA-CEEA-8F4704B10FBA}"
EndProject
Project("{FAE04EC0-301F-11D3-BF4B-00C04F79EFBC}") = "Assembly-CSharp", "Assembly-CSharp.Player.csproj", "{6127BC76-B2F3-57B1-69B2-4CAC61A59738}"
EndProject
Project("{FAE04EC0-301F-11D3-BF4B-00C04F79EFBC}") = "Cinemachine", "Cinemachine.Player.csproj", "{4495A22B-5D27-44EB-08BC-095CF2C9B668}"
EndProject
Project("{FAE04EC0-301F-11D3-BF4B-00C04F79EFBC}") = "Unity.TextMeshPro", "Unity.TextMeshPro.Player.csproj", "{B5F400AA-06C1-8AD6-942C-6D61AC0416FA}"
EndProject
Global
	GlobalSection(SolutionConfigurationPlatforms) = preSolution
		Debug|Any CPU = Debug|Any CPU
		Release|Any CPU = Release|Any CPU
	EndGlobalSection
	GlobalSection(ProjectConfigurationPlatforms) = postSolution
		{DF6F0FE8-E565-D378-F6A6-3BA87EA41D58}.Debug|Any CPU.ActiveCfg = Debug|Any CPU
		{DF6F0FE8-E565-D378-F6A6-3BA87EA41D58}.Debug|Any CPU.Build.0 = Debug|Any CPU
		{DF6F0FE8-E565-D378-F6A6-3BA87EA41D58}.Release|Any CPU.ActiveCfg = Release|Any CPU
		{DF6F0FE8-E565-D378-F6A6-3BA87EA41D58}.Release|Any CPU.Build.0 = Release|Any CPU
		{CC0F05F8-41CD-FE17-6AB9-DDC2E3C4DCE3}.Debug|Any CPU.ActiveCfg = Debug|Any CPU
		{CC0F05F8-41CD-FE17-6AB9-DDC2E3C4DCE3}.Debug|Any CPU.Build.0 = Debug|Any CPU
		{CC0F05F8-41CD-FE17-6AB9-DDC2E3C4DCE3}.Release|Any CPU.ActiveCfg = Release|Any CPU
		{CC0F05F8-41CD-FE17-6AB9-DDC2E3C4DCE3}.Release|Any CPU.Build.0 = Release|Any CPU
		{95F92F0F-8190-BBFB-B20C-FCB2DC9846EB}.Debug|Any CPU.ActiveCfg = Debug|Any CPU
		{95F92F0F-8190-BBFB-B20C-FCB2DC9846EB}.Debug|Any CPU.Build.0 = Debug|Any CPU
		{95F92F0F-8190-BBFB-B20C-FCB2DC9846EB}.Release|Any CPU.ActiveCfg = Release|Any CPU
		{95F92F0F-8190-BBFB-B20C-FCB2DC9846EB}.Release|Any CPU.Build.0 = Release|Any CPU
		{9712D3C0-F15B-4D33-7378-66386C942508}.Debug|Any CPU.ActiveCfg = Debug|Any CPU
		{9712D3C0-F15B-4D33-7378-66386C942508}.Debug|Any CPU.Build.0 = Debug|Any CPU
		{9712D3C0-F15B-4D33-7378-66386C942508}.Release|Any CPU.ActiveCfg = Release|Any CPU
		{9712D3C0-F15B-4D33-7378-66386C942508}.Release|Any CPU.Build.0 = Release|Any CPU
		{1A4A0080-7DAF-5891-EF3F-447223C52862}.Debug|Any CPU.ActiveCfg = Debug|Any CPU
		{1A4A0080-7DAF-5891-EF3F-447223C52862}.Debug|Any CPU.Build.0 = Debug|Any CPU
		{1A4A0080-7DAF-5891-EF3F-447223C52862}.Release|Any CPU.ActiveCfg = Release|Any CPU
		{1A4A0080-7DAF-5891-EF3F-447223C52862}.Release|Any CPU.Build.0 = Release|Any CPU
		{2EBEF1DF-63CC-4ED1-174E-4B05B600D89B}.Debug|Any CPU.ActiveCfg = Debug|Any CPU
		{2EBEF1DF-63CC-4ED1-174E-4B05B600D89B}.Debug|Any CPU.Build.0 = Debug|Any CPU
		{2EBEF1DF-63CC-4ED1-174E-4B05B600D89B}.Release|Any CPU.ActiveCfg = Release|Any CPU
		{2EBEF1DF-63CC-4ED1-174E-4B05B600D89B}.Release|Any CPU.Build.0 = Release|Any CPU
		{F642EE3B-206E-4EF9-F2F3-F9CE68AC50C7}.Debug|Any CPU.ActiveCfg = Debug|Any CPU
		{F642EE3B-206E-4EF9-F2F3-F9CE68AC50C7}.Debug|Any CPU.Build.0 = Debug|Any CPU
		{F642EE3B-206E-4EF9-F2F3-F9CE68AC50C7}.Release|Any CPU.ActiveCfg = Release|Any CPU
		{F642EE3B-206E-4EF9-F2F3-F9CE68AC50C7}.Release|Any CPU.Build.0 = Release|Any CPU
		{377BA0C1-90EE-6804-F4D9-73668DF55272}.Debug|Any CPU.ActiveCfg = Debug|Any CPU
		{377BA0C1-90EE-6804-F4D9-73668DF55272}.Debug|Any CPU.Build.0 = Debug|Any CPU
		{377BA0C1-90EE-6804-F4D9-73668DF55272}.Release|Any CPU.ActiveCfg = Release|Any CPU
		{377BA0C1-90EE-6804-F4D9-73668DF55272}.Release|Any CPU.Build.0 = Release|Any CPU
		{2A019893-15E4-2F2E-7D2D-8F7890B7613D}.Debug|Any CPU.ActiveCfg = Debug|Any CPU
		{2A019893-15E4-2F2E-7D2D-8F7890B7613D}.Debug|Any CPU.Build.0 = Debug|Any CPU
		{2A019893-15E4-2F2E-7D2D-8F7890B7613D}.Release|Any CPU.ActiveCfg = Release|Any CPU
		{2A019893-15E4-2F2E-7D2D-8F7890B7613D}.Release|Any CPU.Build.0 = Release|Any CPU
		{3DA4CE33-0E0D-62A7-72F9-9B392131D325}.Debug|Any CPU.ActiveCfg = Debug|Any CPU
		{3DA4CE33-0E0D-62A7-72F9-9B392131D325}.Debug|Any CPU.Build.0 = Debug|Any CPU
		{3DA4CE33-0E0D-62A7-72F9-9B392131D325}.Release|Any CPU.ActiveCfg = Release|Any CPU
		{3DA4CE33-0E0D-62A7-72F9-9B392131D325}.Release|Any CPU.Build.0 = Release|Any CPU
		{886280B7-AFA6-2CDB-2FD2-DB681D28B2DA}.Debug|Any CPU.ActiveCfg = Debug|Any CPU
		{886280B7-AFA6-2CDB-2FD2-DB681D28B2DA}.Debug|Any CPU.Build.0 = Debug|Any CPU
		{886280B7-AFA6-2CDB-2FD2-DB681D28B2DA}.Release|Any CPU.ActiveCfg = Release|Any CPU
		{886280B7-AFA6-2CDB-2FD2-DB681D28B2DA}.Release|Any CPU.Build.0 = Release|Any CPU
		{BB7FA9ED-A24E-2052-764F-D0A2E2FB1C94}.Debug|Any CPU.ActiveCfg = Debug|Any CPU
		{BB7FA9ED-A24E-2052-764F-D0A2E2FB1C94}.Debug|Any CPU.Build.0 = Debug|Any CPU
		{BB7FA9ED-A24E-2052-764F-D0A2E2FB1C94}.Release|Any CPU.ActiveCfg = Release|Any CPU
		{BB7FA9ED-A24E-2052-764F-D0A2E2FB1C94}.Release|Any CPU.Build.0 = Release|Any CPU
		{5FB9CF38-4F69-D156-DBF1-750AF707E886}.Debug|Any CPU.ActiveCfg = Debug|Any CPU
		{5FB9CF38-4F69-D156-DBF1-750AF707E886}.Debug|Any CPU.Build.0 = Debug|Any CPU
		{5FB9CF38-4F69-D156-DBF1-750AF707E886}.Release|Any CPU.ActiveCfg = Release|Any CPU
		{5FB9CF38-4F69-D156-DBF1-750AF707E886}.Release|Any CPU.Build.0 = Release|Any CPU
		{AF15AF65-F4DB-59F8-86E4-CB754D9CCED3}.Debug|Any CPU.ActiveCfg = Debug|Any CPU
		{AF15AF65-F4DB-59F8-86E4-CB754D9CCED3}.Debug|Any CPU.Build.0 = Debug|Any CPU
		{AF15AF65-F4DB-59F8-86E4-CB754D9CCED3}.Release|Any CPU.ActiveCfg = Release|Any CPU
		{AF15AF65-F4DB-59F8-86E4-CB754D9CCED3}.Release|Any CPU.Build.0 = Release|Any CPU
		{3B3C9B18-8303-FA4A-7D21-94880B72A2DF}.Debug|Any CPU.ActiveCfg = Debug|Any CPU
		{3B3C9B18-8303-FA4A-7D21-94880B72A2DF}.Debug|Any CPU.Build.0 = Debug|Any CPU
		{3B3C9B18-8303-FA4A-7D21-94880B72A2DF}.Release|Any CPU.ActiveCfg = Release|Any CPU
		{3B3C9B18-8303-FA4A-7D21-94880B72A2DF}.Release|Any CPU.Build.0 = Release|Any CPU
		{98546CC3-C1E7-67C6-DE24-009D86328A39}.Debug|Any CPU.ActiveCfg = Debug|Any CPU
		{98546CC3-C1E7-67C6-DE24-009D86328A39}.Debug|Any CPU.Build.0 = Debug|Any CPU
		{98546CC3-C1E7-67C6-DE24-009D86328A39}.Release|Any CPU.ActiveCfg = Release|Any CPU
		{98546CC3-C1E7-67C6-DE24-009D86328A39}.Release|Any CPU.Build.0 = Release|Any CPU
		{4B75279E-E601-FBA1-A110-10CEE091EE6E}.Debug|Any CPU.ActiveCfg = Debug|Any CPU
		{4B75279E-E601-FBA1-A110-10CEE091EE6E}.Debug|Any CPU.Build.0 = Debug|Any CPU
		{4B75279E-E601-FBA1-A110-10CEE091EE6E}.Release|Any CPU.ActiveCfg = Release|Any CPU
		{4B75279E-E601-FBA1-A110-10CEE091EE6E}.Release|Any CPU.Build.0 = Release|Any CPU
		{04703017-017B-AFDA-CEEA-8F4704B10FBA}.Debug|Any CPU.ActiveCfg = Debug|Any CPU
		{04703017-017B-AFDA-CEEA-8F4704B10FBA}.Debug|Any CPU.Build.0 = Debug|Any CPU
		{04703017-017B-AFDA-CEEA-8F4704B10FBA}.Release|Any CPU.ActiveCfg = Release|Any CPU
		{04703017-017B-AFDA-CEEA-8F4704B10FBA}.Release|Any CPU.Build.0 = Release|Any CPU
		{6127BC76-B2F3-57B1-69B2-4CAC61A59738}.Debug|Any CPU.ActiveCfg = Debug|Any CPU
		{6127BC76-B2F3-57B1-69B2-4CAC61A59738}.Debug|Any CPU.Build.0 = Debug|Any CPU
		{6127BC76-B2F3-57B1-69B2-4CAC61A59738}.Release|Any CPU.ActiveCfg = Release|Any CPU
		{6127BC76-B2F3-57B1-69B2-4CAC61A59738}.Release|Any CPU.Build.0 = Release|Any CPU
		{4495A22B-5D27-44EB-08BC-095CF2C9B668}.Debug|Any CPU.ActiveCfg = Debug|Any CPU
		{4495A22B-5D27-44EB-08BC-095CF2C9B668}.Debug|Any CPU.Build.0 = Debug|Any CPU
		{4495A22B-5D27-44EB-08BC-095CF2C9B668}.Release|Any CPU.ActiveCfg = Release|Any CPU
		{4495A22B-5D27-44EB-08BC-095CF2C9B668}.Release|Any CPU.Build.0 = Release|Any CPU
		{B5F400AA-06C1-8AD6-942C-6D61AC0416FA}.Debug|Any CPU.ActiveCfg = Debug|Any CPU
		{B5F400AA-06C1-8AD6-942C-6D61AC0416FA}.Debug|Any CPU.Build.0 = Debug|Any CPU
		{B5F400AA-06C1-8AD6-942C-6D61AC0416FA}.Release|Any CPU.ActiveCfg = Release|Any CPU
		{B5F400AA-06C1-8AD6-942C-6D61AC0416FA}.Release|Any CPU.Build.0 = Release|Any CPU
	EndGlobalSection
	GlobalSection(SolutionProperties) = preSolution
		HideSolutionNode = FALSE
	EndGlobalSection
EndGlobal
